
Microsoft Visual Studio Solution File, Format Version 11.00
# Visual Studio 2010
Project("{159641D6-6404-4A2A-AE62-294DE0FE8301}") = "06-DataFlow", "06-DataFlow.dtproj", "{B9648030-8F34-4EC0-937A-D3B0ABC3239F}"
EndProject
Global
	GlobalSection(SolutionConfigurationPlatforms) = preSolution
		Development|Default = Development|Default
	EndGlobalSection
	GlobalSection(ProjectConfigurationPlatforms) = postSolution
		{B9648030-8F34-4EC0-937A-D3B0ABC3239F}.Development|Default.ActiveCfg = Development
		{B9648030-8F34-4EC0-937A-D3B0ABC3239F}.Development|Default.Build.0 = Development
	EndGlobalSection
	GlobalSection(SolutionProperties) = preSolution
		HideSolutionNode = FALSE
	EndGlobalSection
EndGlobal
